{
  "name": "tester",
  "version": "0.1.0",
  "lockfileVersion": 3,
  "requires": true,
  "homepage": "https://jgCodingMain.github.io/capstone-project",
  "private": true,
  "packages": {
    "": {
      "name": "tester",
      "version": "0.1.0",
      "dependencies": {
        "@testing-library/dom": "^10.4.0",
        "@testing-library/jest-dom": "^6.6.3",
        "@testing-library/react": "^16.3.0",
        "@testing-library/user-event": "^13.5.0",
        "gh-pages": "^6.3.0",
        "hash-router": "^0.4.0",
        "react": "^19.1.0",
        "react-dom": "^19.1.0",
        "react-scripts": "5.0.1",
        "web-vitals": "^2.1.4"
      }
    },
    "node_modules/@babel/runtime": {
      "version": "7.27.1",
      "resolved": "https://registry.npmjs.org/@babel/runtime/-/runtime-7.27.1.tgz",
      "integrity": "sha512-1x3D2xEk2fRo3PAhwQwu5UubzgiVWSXTBfWpVd2Mx2AzRqJuDJCsgaDVZ7HB5iGzDW1Hl1sWN2mFyKjmR9uAog==",
      "engines": {
        "node": ">=6.9.0"
      }
    },
    "node_modules/@testing-library/dom": {
      "version": "10.4.0",
      "integrity": "sha512-pemlzrSESWbdAloYml3bAJMEfNh1Z7EduzqPKprCH5S341frlpYnUEW0H72dLxa6IsYr+mPno20GiSm+h9dEdQ==",
      "dependencies": {
        "@babel/code-frame": "^7.10.4",
        "@babel/runtime": "^7.12.5",
        "@types/aria-query": "^5.0.1",
        "aria-query": "5.3.0",
        "chalk": "^4.1.0",
        "dom-accessibility-api": "^0.5.9",
        "lz-string": "^1.5.0",
        "pretty-format": "^27.0.2"
      },
      "engines": {
        "node": ">=18"
      }
    },
    "node_modules/@testing-library/jest-dom": {
      "version": "6.6.3",
      "integrity": "sha512-IteBhl4XqYNkM54f4ejhLRJiZNqcSCoXUOG2CPK7qbD322KjQozM4kHQOfkG2oln9b9HTYqs+Sae8vBATubxxA==",
      "dependencies": {
        "@adobe/css-tools": "^4.4.0",
        "aria-query": "^5.0.0",
        "chalk": "^3.0.0",
        "css.escape": "^1.5.1",
        "dom-accessibility-api": "^0.6.3",
        "lodash": "^4.17.21",
        "redent": "^3.0.0"
      },
      "engines": {
        "node": ">=14",
        "npm": ">=6",
        "yarn": ">=1"
      }
    },
    "node_modules/@testing-library/react": {
      "version": "16.3.0",
      "integrity": "sha512-kFSyxiEDwv1WLl2fgsq6pPBbw5aWKrsY2/noi1Id0TK0UParSF62oFQFGHXIyaG4pp2tEub/Zlel+fjjZILDsw==",
      "dependencies": {
        "@babel/runtime": "^7.12.5"
      },
      "engines": {
        "node": ">=18"
      },
      "peerDependencies": {
        "@testing-library/dom": "^10.0.0",
        "@types/react": "^18.0.0 || ^19.0.0",
        "@types/react-dom": "^18.0.0 || ^19.0.0",
        "react": "^18.0.0 || ^19.0.0",
        "react-dom": "^18.0.0 || ^19.0.0"
      },
      "peerDependenciesMeta": {
        "@types/react": {
          "optional": true
        },
        "@types/react-dom": {
          "optional": true
        }
      }
    },
    "node_modules/@testing-library/user-event": {
      "version": "13.5.0",
      "resolved": "https://registry.npmjs.org/@testing-library/user-event/-/user-event-13.5.0.tgz",
      "integrity": "sha512-5Kwtbo3Y/NowpkbRuSepbyMFkZmHgD+vPzYB/RJ4oxt5Gj/avFFBYjhw27cqSVPVw/3a67NK1PbiIr9k4Gwmdg==",
      "dependencies": {
        "@babel/runtime": "^7.12.5"
      },
      "engines": {
        "node": ">=10",
        "npm": ">=6"
      },
      "peerDependencies": {
        "@testing-library/dom": ">=7.21.4"
      }
    },
    "node_modules/dom-walk": {
      "version": "0.1.2",
      "resolved": "https://registry.npmjs.org/dom-walk/-/dom-walk-0.1.2.tgz",
      "integrity": "sha512-6QvTW9mrGeIegrFXdtQi9pk7O/nSK6lSdXW2eqUspN5LWD7UTji2Fqw5V2YLjBpHEoU9Xl/eUWNpDeZvoyOv2w=="
    },
    "node_modules/foreach": {
      "version": "2.0.6",
      "resolved": "https://registry.npmjs.org/foreach/-/foreach-2.0.6.tgz",
      "integrity": "sha512-k6GAGDyqLe9JaebCsFCoudPPWfihKu8pylYXRlqP1J7ms39iPoTtk2fviNglIeQEwdh0bQeKJ01ZPyuyQvKzwg=="
    },
    "node_modules/gh-pages": {
      "version": "6.3.0",
      "integrity": "sha512-Ot5lU6jK0Eb+sszG8pciXdjMXdBJ5wODvgjR+imihTqsUWF2K6dJ9HST55lgqcs8wWcw6o6wAsUzfcYRhJPXbA==",
      "dependencies": {
        "async": "^3.2.4",
        "commander": "^13.0.0",
        "email-addresses": "^5.0.0",
        "filenamify": "^4.3.0",
        "find-cache-dir": "^3.3.1",
        "fs-extra": "^11.1.1",
        "globby": "^11.1.0"
      },
      "bin": {
        "gh-pages": "bin/gh-pages.js",
        "gh-pages-clean": "bin/gh-pages-clean.js"
      },
      "engines": {
        "node": ">=10"
      }
    },
    "node_modules/global": {
      "version": "4.4.0",
      "resolved": "https://registry.npmjs.org/global/-/global-4.4.0.tgz",
      "integrity": "sha512-wv/LAoHdRE3BeTGz53FAamhGlPLhlssK45usmGFThIi4XqnBmjKQ16u+RNbP7WvigRZDxUsM0J3gcQ5yicaL0w==",
      "dependencies": {
        "min-document": "^2.19.0",
        "process": "^0.11.10"
      }
    },
    "node_modules/hash-router": {
      "version": "0.4.0",
      "resolved": "https://registry.npmjs.org/hash-router/-/hash-router-0.4.0.tgz",
      "integrity": "sha512-TWIwsxInId58YR3HeGhwIK/APKc5immhVCc2aPD8j7o368exRmKulcwaF1w6Yd6cnMIBDS7LCz4imfaIeYKTew==",
      "dependencies": {
        "global": "^4.2.1",
        "routes": "~0.2.0",
        "xtend": "~2.0.6"
      }
    },
    "node_modules/indexof": {
      "version": "0.0.1",
      "resolved": "https://registry.npmjs.org/indexof/-/indexof-0.0.1.tgz",
      "integrity": "sha512-i0G7hLJ1z0DE8dsqJa2rycj9dBmNKgXBvotXtZYXakU9oivfB9Uj2ZBC27qqef2U58/ZLwalxa1X/RDCdkHtVg=="
    },
    "node_modules/is": {
      "version": "0.2.7",
      "resolved": "https://registry.npmjs.org/is/-/is-0.2.7.tgz",
      "integrity": "sha512-ajQCouIvkcSnl2iRdK70Jug9mohIHVX9uKpoWnl115ov0R5mzBvRrXxrnHbsA+8AdwCwc/sfw7HXmd4I5EJBdQ==",
      "engines": {
        "node": "*"
      }
    },
    "node_modules/is-object": {
      "version": "0.1.2",
      "resolved": "https://registry.npmjs.org/is-object/-/is-object-0.1.2.tgz",
      "integrity": "sha512-GkfZZlIZtpkFrqyAXPQSRBMsaHAw+CgoKe2HXAkjd/sfoI9+hS8PT4wg2rJxdQyUKr7N2vHJbg7/jQtE5l5vBQ=="
    },
    "node_modules/min-document": {
      "version": "2.19.0",
      "resolved": "https://registry.npmjs.org/min-document/-/min-document-2.19.0.tgz",
      "integrity": "sha512-9Wy1B3m3f66bPPmU5hdA4DR4PB2OfDU/+GS3yAB7IQozE3tqXaVv2zOjgla7MEGSRv95+ILmOuvhLkOK6wJtCQ==",
      "dependencies": {
        "dom-walk": "^0.1.0"
      }
    },
    "node_modules/object-keys": {
      "version": "0.2.0",
      "resolved": "https://registry.npmjs.org/object-keys/-/object-keys-0.2.0.tgz",
      "integrity": "sha512-XODjdR2pBh/1qrjPcbSeSgEtKbYo7LqYNq64/TPuCf7j9SfDD3i21yatKoIy39yIWNvVM59iutfQQpCv1RfFzA==",
      "deprecated": "Please update to the latest object-keys",
      "dependencies": {
        "foreach": "~2.0.1",
        "indexof": "~0.0.1",
        "is": "~0.2.6"
      }
    },
    "node_modules/process": {
      "version": "0.11.10",
      "resolved": "https://registry.npmjs.org/process/-/process-0.11.10.tgz",
      "integrity": "sha512-cdGef/drWFoydD1JsMzuFf8100nZl+GT+yacc2bEced5f9Rjk4z+WtFUTBu9PhOi9j/jfmBPu0mMEY4wIdAF8A==",
      "engines": {
        "node": ">= 0.6.0"
      }
    },
    "node_modules/react": {
      "version": "19.1.0",
      "integrity": "sha512-FS+XFBNvn3GTAWq26joslQgWNoFu08F4kl0J4CgdNKADkdSGXQyTCnKteIAJy96Br6YbpEU1LSzV5dYtjMkMDg==",
      "engines": {
        "node": ">=0.10.0"
      }
    },
    "node_modules/react-dom": {
      "version": "19.1.0",
      "integrity": "sha512-Xs1hdnE+DyKgeHJeJznQmYMIBG3TKIHJJT95Q58nHLSrElKlGQqDTR2HQ9fx5CN/Gk6Vh/kupBTDLU11/nDk/g==",
      "dependencies": {
        "scheduler": "^0.26.0"
      },
      "peerDependencies": {
        "react": "^19.1.0"
      }
    },
    "node_modules/react-scripts": {
      "version": "5.0.1",
      "integrity": "sha512-8VAmEm/ZAwQzJ+GOMLbBsTdDKOpuZh7RPs0UymvBR2vRk4iZWCskjbFnxqjrzoIvlNNRZ3QJFx6/qDSi6zSnaQ==",
      "dependencies": {
        "@babel/core": "^7.16.0",
        "@pmmmwh/react-refresh-webpack-plugin": "^0.5.3",
        "@svgr/webpack": "^5.5.0",
        "babel-jest": "^27.4.2",
        "babel-loader": "^8.2.3",
        "babel-plugin-named-asset-import": "^0.3.8",
        "babel-preset-react-app": "^10.0.1",
        "bfj": "^7.0.2",
        "browserslist": "^4.18.1",
        "camelcase": "^6.2.1",
        "case-sensitive-paths-webpack-plugin": "^2.4.0",
        "css-loader": "^6.5.1",
        "css-minimizer-webpack-plugin": "^3.2.0",
        "dotenv": "^10.0.0",
        "dotenv-expand": "^5.1.0",
        "eslint": "^8.3.0",
        "eslint-config-react-app": "^7.0.1",
        "eslint-webpack-plugin": "^3.1.1",
        "file-loader": "^6.2.0",
        "fs-extra": "^10.0.0",
        "html-webpack-plugin": "^5.5.0",
        "identity-obj-proxy": "^3.0.0",
        "jest": "^27.4.3",
        "jest-resolve": "^27.4.2",
        "jest-watch-typeahead": "^1.0.0",
        "mini-css-extract-plugin": "^2.4.5",
        "postcss": "^8.4.4",
        "postcss-flexbugs-fixes": "^5.0.2",
        "postcss-loader": "^6.2.1",
        "postcss-normalize": "^10.0.1",
        "postcss-preset-env": "^7.0.1",
        "prompts": "^2.4.2",
        "react-app-polyfill": "^3.0.0",
        "react-dev-utils": "^12.0.1",
        "react-refresh": "^0.11.0",
        "resolve": "^1.20.0",
        "resolve-url-loader": "^4.0.0",
        "sass-loader": "^12.3.0",
        "semver": "^7.3.5",
        "source-map-loader": "^3.0.0",
        "style-loader": "^3.3.1",
        "tailwindcss": "^3.0.2",
        "terser-webpack-plugin": "^5.2.5",
        "webpack": "^5.64.4",
        "webpack-dev-server": "^4.6.0",
        "webpack-manifest-plugin": "^4.0.2",
        "workbox-webpack-plugin": "^6.4.1"
      },
      "bin": {
        "react-scripts": "bin/react-scripts.js"
      },
      "engines": {
        "node": ">=14.0.0"
      },
      "optionalDependencies": {
        "fsevents": "^2.3.2"
      },
      "peerDependencies": {
        "react": ">= 16",
        "typescript": "^3.2.1 || ^4"
      },
      "peerDependenciesMeta": {
        "typescript": {
          "optional": true
        }
      }
    },
    "node_modules/routes": {
      "version": "0.2.0",
      "resolved": "https://registry.npmjs.org/routes/-/routes-0.2.0.tgz",
      "integrity": "sha512-Poi9njx/cuUbH75aWW6ImiQGfmZhAK7FFUUfraLIOjRgPw9N7H88L9IsYTxXWxFv9YuPJJr/rtLSzVRh72kCww==",
      "engines": {
        "node": "*"
      }
    },
    "node_modules/web-vitals": {
      "version": "2.1.4",
      "resolved": "https://registry.npmjs.org/web-vitals/-/web-vitals-2.1.4.tgz",
      "integrity": "sha512-sVWcwhU5mX6crfI5Vd2dC4qchyTqxV8URinzt25XqVh+bHEPGH4C3NPrNionCP7Obx59wrYEbNlw4Z8sjALzZg=="
    },
    "node_modules/xtend": {
      "version": "2.0.6",
      "resolved": "https://registry.npmjs.org/xtend/-/xtend-2.0.6.tgz",
      "integrity": "sha512-fOZg4ECOlrMl+A6Msr7EIFcON1L26mb4NY5rurSkOex/TWhazOrg6eXD/B0XkuiYcYhQDWLXzQxLMVJ7LXwokg==",
      "dependencies": {
        "is-object": "~0.1.2",
        "object-keys": "~0.2.0"
      },
      "engines": {
        "node": ">=0.4"
      }
    }
  },
  "browserslist": {
    "development": [
      "last 1 chrome version",
      "last 1 firefox version",
      "last 1 safari version"
    ],
    "production": [
      ">0.2%",
      "not dead",
      "not op_mini all"
    ]
  },
  "eslintConfig": {
    "extends": [
      "react-app",
      "react-app/jest"
    ]
  },
  "scripts": {
    "build": "react-scripts build",
    "deploy": "gh-pages -d build",
    "eject": "react-scripts eject",
    "predeploy": "npm run build",
    "start": "react-scripts start",
    "test": "react-scripts test"
  }
}
